schema: '2.0'
stages:
  preprocess:
    cmd: python src/preprocess.py
    deps:
    - path: data/house.csv
      hash: md5
      md5: 01685f7b37cd51b7c12a276704472acd
      size: 605224
    - path: params.yaml
      hash: md5
      md5: 120d173e09cf2d95062d26c374a2e142
      size: 231
    - path: src/preprocess.py
      hash: md5
      md5: a41355bfa10ffd9ac7be528d84bb6e55
      size: 2595
    outs:
    - path: data/processed_data.csv
      hash: md5
      md5: 4ef553332f71d2ff8cbccbf0206531d4
      size: 611322
  train:
    cmd: python src/train.py
    deps:
    - path: data/processed_data.csv
      hash: md5
      md5: 4ef553332f71d2ff8cbccbf0206531d4
      size: 611322
    - path: params.yaml
      hash: md5
      md5: 120d173e09cf2d95062d26c374a2e142
      size: 231
    - path: src/train.py
      hash: md5
      md5: 4433d3cdc6cbbb14da5379e996911612
      size: 3190
    outs:
    - path: models/linear.pkl
      hash: md5
      md5: 46a0a1ca4b66bb0b6f343e38a85bf714
      size: 969
  evaluate:
    cmd: python src/evaluate.py
    deps:
    - path: data/test.csv
      hash: md5
      md5: 06fc12db4289335259488b0feb18a103
      size: 2586
    - path: models/linear.pkl
      hash: md5
      md5: 46a0a1ca4b66bb0b6f343e38a85bf714
      size: 969
    - path: params.yaml
      hash: md5
      md5: 120d173e09cf2d95062d26c374a2e142
      size: 231
    - path: src/evaluate.py
      hash: md5
      md5: 450a37400b540222d184427edb17ae82
      size: 2812
    outs:
    - path: reports/metrics.json
      hash: md5
      md5: c81b34ba92abc8c61d3153f85d5fded8
      size: 60
